
Microsoft Visual Studio Solution File, Format Version 12.00
Project("{FAE04EC0-301F-11D3-BF4B-00C04F79EFBC}") = "Domain", "Domain\Domain.csproj", "{4602B4B2-498A-4434-8271-EDA1782514B1}"
EndProject
Project("{FAE04EC0-301F-11D3-BF4B-00C04F79EFBC}") = "DAL", "DAL\DAL.csproj", "{387AD79E-266B-466A-96D5-E58FC8C595CA}"
EndProject
Project("{FAE04EC0-301F-11D3-BF4B-00C04F79EFBC}") = "BL", "BL\BL.csproj", "{40C2DF3B-BDE2-4514-9E73-DEEB41A7F278}"
EndProject
Project("{FAE04EC0-301F-11D3-BF4B-00C04F79EFBC}") = "UI-CA", "UI-CA\UI-CA.csproj", "{975B9210-8FDE-4088-A39C-8523480710B2}"
EndProject
Project("{FAE04EC0-301F-11D3-BF4B-00C04F79EFBC}") = "Domain.Tests", "Domain.Tests\Domain.Tests.csproj", "{C5C694A9-181C-43B0-AE43-E989636BCC6A}"
EndProject
Project("{FAE04EC0-301F-11D3-BF4B-00C04F79EFBC}") = "DAL.Tests", "DAL.Tests\DAL.Tests.csproj", "{95BD6D0F-8A63-4A4B-ABCC-CDF0ADA60FAD}"
EndProject
Project("{FAE04EC0-301F-11D3-BF4B-00C04F79EFBC}") = "UI-MVC", "UI-MVC\UI-MVC.csproj", "{A3117E7D-B23C-4CA5-B171-9B7FE7A839BD}"
EndProject
Project("{FAE04EC0-301F-11D3-BF4B-00C04F79EFBC}") = "BL.Tests", "BL.Tests\BL.Tests.csproj", "{B15BDD89-3469-4CCC-8E4B-2126D05E4A7D}"
EndProject
Project("{FAE04EC0-301F-11D3-BF4B-00C04F79EFBC}") = "UI-MVC.Tests", "UI-MVC.Tests\UI-MVC.Tests.csproj", "{78B7863E-6A4F-4B7C-A213-C2AEF772B9A0}"
EndProject
Global
	GlobalSection(SolutionConfigurationPlatforms) = preSolution
		Debug|Any CPU = Debug|Any CPU
		Release|Any CPU = Release|Any CPU
	EndGlobalSection
	GlobalSection(ProjectConfigurationPlatforms) = postSolution
		{4602B4B2-498A-4434-8271-EDA1782514B1}.Debug|Any CPU.ActiveCfg = Debug|Any CPU
		{4602B4B2-498A-4434-8271-EDA1782514B1}.Debug|Any CPU.Build.0 = Debug|Any CPU
		{4602B4B2-498A-4434-8271-EDA1782514B1}.Release|Any CPU.ActiveCfg = Release|Any CPU
		{4602B4B2-498A-4434-8271-EDA1782514B1}.Release|Any CPU.Build.0 = Release|Any CPU
		{387AD79E-266B-466A-96D5-E58FC8C595CA}.Debug|Any CPU.ActiveCfg = Debug|Any CPU
		{387AD79E-266B-466A-96D5-E58FC8C595CA}.Debug|Any CPU.Build.0 = Debug|Any CPU
		{387AD79E-266B-466A-96D5-E58FC8C595CA}.Release|Any CPU.ActiveCfg = Release|Any CPU
		{387AD79E-266B-466A-96D5-E58FC8C595CA}.Release|Any CPU.Build.0 = Release|Any CPU
		{40C2DF3B-BDE2-4514-9E73-DEEB41A7F278}.Debug|Any CPU.ActiveCfg = Debug|Any CPU
		{40C2DF3B-BDE2-4514-9E73-DEEB41A7F278}.Debug|Any CPU.Build.0 = Debug|Any CPU
		{40C2DF3B-BDE2-4514-9E73-DEEB41A7F278}.Release|Any CPU.ActiveCfg = Release|Any CPU
		{40C2DF3B-BDE2-4514-9E73-DEEB41A7F278}.Release|Any CPU.Build.0 = Release|Any CPU
		{975B9210-8FDE-4088-A39C-8523480710B2}.Debug|Any CPU.ActiveCfg = Debug|Any CPU
		{975B9210-8FDE-4088-A39C-8523480710B2}.Debug|Any CPU.Build.0 = Debug|Any CPU
		{975B9210-8FDE-4088-A39C-8523480710B2}.Release|Any CPU.ActiveCfg = Release|Any CPU
		{975B9210-8FDE-4088-A39C-8523480710B2}.Release|Any CPU.Build.0 = Release|Any CPU
		{C5C694A9-181C-43B0-AE43-E989636BCC6A}.Debug|Any CPU.ActiveCfg = Debug|Any CPU
		{C5C694A9-181C-43B0-AE43-E989636BCC6A}.Debug|Any CPU.Build.0 = Debug|Any CPU
		{C5C694A9-181C-43B0-AE43-E989636BCC6A}.Release|Any CPU.ActiveCfg = Release|Any CPU
		{C5C694A9-181C-43B0-AE43-E989636BCC6A}.Release|Any CPU.Build.0 = Release|Any CPU
		{95BD6D0F-8A63-4A4B-ABCC-CDF0ADA60FAD}.Debug|Any CPU.ActiveCfg = Debug|Any CPU
		{95BD6D0F-8A63-4A4B-ABCC-CDF0ADA60FAD}.Debug|Any CPU.Build.0 = Debug|Any CPU
		{95BD6D0F-8A63-4A4B-ABCC-CDF0ADA60FAD}.Release|Any CPU.ActiveCfg = Release|Any CPU
		{95BD6D0F-8A63-4A4B-ABCC-CDF0ADA60FAD}.Release|Any CPU.Build.0 = Release|Any CPU
		{A3117E7D-B23C-4CA5-B171-9B7FE7A839BD}.Debug|Any CPU.ActiveCfg = Debug|Any CPU
		{A3117E7D-B23C-4CA5-B171-9B7FE7A839BD}.Debug|Any CPU.Build.0 = Debug|Any CPU
		{A3117E7D-B23C-4CA5-B171-9B7FE7A839BD}.Release|Any CPU.ActiveCfg = Release|Any CPU
		{A3117E7D-B23C-4CA5-B171-9B7FE7A839BD}.Release|Any CPU.Build.0 = Release|Any CPU
		{B15BDD89-3469-4CCC-8E4B-2126D05E4A7D}.Debug|Any CPU.ActiveCfg = Debug|Any CPU
		{B15BDD89-3469-4CCC-8E4B-2126D05E4A7D}.Debug|Any CPU.Build.0 = Debug|Any CPU
		{B15BDD89-3469-4CCC-8E4B-2126D05E4A7D}.Release|Any CPU.ActiveCfg = Release|Any CPU
		{B15BDD89-3469-4CCC-8E4B-2126D05E4A7D}.Release|Any CPU.Build.0 = Release|Any CPU
		{78B7863E-6A4F-4B7C-A213-C2AEF772B9A0}.Debug|Any CPU.ActiveCfg = Debug|Any CPU
		{78B7863E-6A4F-4B7C-A213-C2AEF772B9A0}.Debug|Any CPU.Build.0 = Debug|Any CPU
		{78B7863E-6A4F-4B7C-A213-C2AEF772B9A0}.Release|Any CPU.ActiveCfg = Release|Any CPU
		{78B7863E-6A4F-4B7C-A213-C2AEF772B9A0}.Release|Any CPU.Build.0 = Release|Any CPU
	EndGlobalSection
EndGlobal
